
Microsoft Visual Studio Solution File, Format Version 12.00
# Visual Studio Version 17
VisualStudioVersion = 17.0.31903.59
MinimumVisualStudioVersion = 10.0.40219.1
Project("{FAE04EC0-301F-11D3-BF4B-00C04F79EFBC}") = "Text", "Text\Text.csproj", "{CD40B597-AF37-48EF-814B-4F06B11132CF}"
EndProject
Project("{FAE04EC0-301F-11D3-BF4B-00C04F79EFBC}") = "Text.Tests", "Text.Tests\Text.Tests.csproj", "{15B19F06-D6E8-46D8-AFAF-82DD93D0273C}"
EndProject
Global
	GlobalSection(SolutionConfigurationPlatforms) = preSolution
		Debug|Any CPU = Debug|Any CPU
		Release|Any CPU = Release|Any CPU
	EndGlobalSection
	GlobalSection(SolutionProperties) = preSolution
		HideSolutionNode = FALSE
	EndGlobalSection
	GlobalSection(ProjectConfigurationPlatforms) = postSolution
		{CD40B597-AF37-48EF-814B-4F06B11132CF}.Debug|Any CPU.ActiveCfg = Debug|Any CPU
		{CD40B597-AF37-48EF-814B-4F06B11132CF}.Debug|Any CPU.Build.0 = Debug|Any CPU
		{CD40B597-AF37-48EF-814B-4F06B11132CF}.Release|Any CPU.ActiveCfg = Release|Any CPU
		{CD40B597-AF37-48EF-814B-4F06B11132CF}.Release|Any CPU.Build.0 = Release|Any CPU
		{15B19F06-D6E8-46D8-AFAF-82DD93D0273C}.Debug|Any CPU.ActiveCfg = Debug|Any CPU
		{15B19F06-D6E8-46D8-AFAF-82DD93D0273C}.Debug|Any CPU.Build.0 = Debug|Any CPU
		{15B19F06-D6E8-46D8-AFAF-82DD93D0273C}.Release|Any CPU.ActiveCfg = Release|Any CPU
		{15B19F06-D6E8-46D8-AFAF-82DD93D0273C}.Release|Any CPU.Build.0 = Release|Any CPU
	EndGlobalSection
EndGlobal
